
Microsoft Visual Studio Solution File, Format Version 12.00
# Visual Studio Version 17
VisualStudioVersion = 17.10.35201.131
MinimumVisualStudioVersion = 10.0.40219.1
Project("{FAE04EC0-301F-11D3-BF4B-00C04F79EFBC}") = "ginstall", "ginstall\ginstall.csproj", "{10B52C89-90DE-485C-896D-0349757F5FCC}"
EndProject
Global
	GlobalSection(SolutionConfigurationPlatforms) = preSolution
		Debug|Any CPU = Debug|Any CPU
		Release|Any CPU = Release|Any CPU
	EndGlobalSection
	GlobalSection(ProjectConfigurationPlatforms) = postSolution
		{10B52C89-90DE-485C-896D-0349757F5FCC}.Debug|Any CPU.ActiveCfg = Debug|Any CPU
		{10B52C89-90DE-485C-896D-0349757F5FCC}.Debug|Any CPU.Build.0 = Debug|Any CPU
		{10B52C89-90DE-485C-896D-0349757F5FCC}.Release|Any CPU.ActiveCfg = Release|Any CPU
		{10B52C89-90DE-485C-896D-0349757F5FCC}.Release|Any CPU.Build.0 = Release|Any CPU
	EndGlobalSection
	GlobalSection(SolutionProperties) = preSolution
		HideSolutionNode = FALSE
	EndGlobalSection
	GlobalSection(ExtensibilityGlobals) = postSolution
		SolutionGuid = {6192D8AE-6B12-48A6-977E-6B2FEF4FB6DE}
	EndGlobalSection
EndGlobal
